
Microsoft Visual Studio Solution File, Format Version 12.00
# Visual Studio 15
VisualStudioVersion = 15.0.28010.2048
MinimumVisualStudioVersion = 10.0.40219.1
Project("{FAE04EC0-301F-11D3-BF4B-00C04F79EFBC}") = "CsvIOCodeGen", "CsvIOCodeGen\CsvIOCodeGen.csproj", "{69ADE206-1666-450A-AB0A-BF629E82A570}"
EndProject
Project("{FAE04EC0-301F-11D3-BF4B-00C04F79EFBC}") = "test", "test\test.csproj", "{20DCD8B2-6258-4FEC-9276-5D0F4758C5DA}"
EndProject
Global
	GlobalSection(SolutionConfigurationPlatforms) = preSolution
		Debug|Any CPU = Debug|Any CPU
		Release|Any CPU = Release|Any CPU
	EndGlobalSection
	GlobalSection(ProjectConfigurationPlatforms) = postSolution
		{69ADE206-1666-450A-AB0A-BF629E82A570}.Debug|Any CPU.ActiveCfg = Debug|Any CPU
		{69ADE206-1666-450A-AB0A-BF629E82A570}.Debug|Any CPU.Build.0 = Debug|Any CPU
		{69ADE206-1666-450A-AB0A-BF629E82A570}.Release|Any CPU.ActiveCfg = Release|Any CPU
		{69ADE206-1666-450A-AB0A-BF629E82A570}.Release|Any CPU.Build.0 = Release|Any CPU
		{20DCD8B2-6258-4FEC-9276-5D0F4758C5DA}.Debug|Any CPU.ActiveCfg = Debug|Any CPU
		{20DCD8B2-6258-4FEC-9276-5D0F4758C5DA}.Debug|Any CPU.Build.0 = Debug|Any CPU
		{20DCD8B2-6258-4FEC-9276-5D0F4758C5DA}.Release|Any CPU.ActiveCfg = Release|Any CPU
		{20DCD8B2-6258-4FEC-9276-5D0F4758C5DA}.Release|Any CPU.Build.0 = Release|Any CPU
	EndGlobalSection
	GlobalSection(SolutionProperties) = preSolution
		HideSolutionNode = FALSE
	EndGlobalSection
	GlobalSection(ExtensibilityGlobals) = postSolution
		SolutionGuid = {06CEAF99-55B9-4980-B93F-FE23A1187750}
	EndGlobalSection
EndGlobal
